
Microsoft Visual Studio Solution File, Format Version 12.00
# Visual Studio Version 16
VisualStudioVersion = 16.0.32602.291
MinimumVisualStudioVersion = 10.0.40219.1
Project("{FAE04EC0-301F-11D3-BF4B-00C04F79EFBC}") = "AzureBlobStorageManagement", "AzureBlobStorageManagement\AzureBlobStorageManagement.csproj", "{1A80700A-B46D-40B9-96FC-58638BC101EE}"
EndProject
Global
	GlobalSection(SolutionConfigurationPlatforms) = preSolution
		Debug|Any CPU = Debug|Any CPU
		Release|Any CPU = Release|Any CPU
	EndGlobalSection
	GlobalSection(ProjectConfigurationPlatforms) = postSolution
		{1A80700A-B46D-40B9-96FC-58638BC101EE}.Debug|Any CPU.ActiveCfg = Debug|Any CPU
		{1A80700A-B46D-40B9-96FC-58638BC101EE}.Debug|Any CPU.Build.0 = Debug|Any CPU
		{1A80700A-B46D-40B9-96FC-58638BC101EE}.Release|Any CPU.ActiveCfg = Release|Any CPU
		{1A80700A-B46D-40B9-96FC-58638BC101EE}.Release|Any CPU.Build.0 = Release|Any CPU
	EndGlobalSection
	GlobalSection(SolutionProperties) = preSolution
		HideSolutionNode = FALSE
	EndGlobalSection
	GlobalSection(ExtensibilityGlobals) = postSolution
		SolutionGuid = {44FE4DCB-CBBC-4310-B821-FA9DFDFC3328}
	EndGlobalSection
EndGlobal
